
Microsoft Visual Studio Solution File, Format Version 12.00
# Visual Studio Version 17
VisualStudioVersion = 17.5.33424.131
MinimumVisualStudioVersion = 10.0.40219.1
Project("{FAE04EC0-301F-11D3-BF4B-00C04F79EFBC}") = "ExercicioJuntarVetores", "ExercicioJuntarVetores\ExercicioJuntarVetores.csproj", "{FD76D9AB-D649-4EC9-9F06-D21861A76DE2}"
EndProject
Global
	GlobalSection(SolutionConfigurationPlatforms) = preSolution
		Debug|Any CPU = Debug|Any CPU
		Release|Any CPU = Release|Any CPU
	EndGlobalSection
	GlobalSection(ProjectConfigurationPlatforms) = postSolution
		{FD76D9AB-D649-4EC9-9F06-D21861A76DE2}.Debug|Any CPU.ActiveCfg = Debug|Any CPU
		{FD76D9AB-D649-4EC9-9F06-D21861A76DE2}.Debug|Any CPU.Build.0 = Debug|Any CPU
		{FD76D9AB-D649-4EC9-9F06-D21861A76DE2}.Release|Any CPU.ActiveCfg = Release|Any CPU
		{FD76D9AB-D649-4EC9-9F06-D21861A76DE2}.Release|Any CPU.Build.0 = Release|Any CPU
	EndGlobalSection
	GlobalSection(SolutionProperties) = preSolution
		HideSolutionNode = FALSE
	EndGlobalSection
	GlobalSection(ExtensibilityGlobals) = postSolution
		SolutionGuid = {AED0AB70-C755-495F-A5D2-B514D3E7396D}
	EndGlobalSection
EndGlobal
